
Microsoft Visual Studio Solution File, Format Version 12.00
# Visual Studio Version 16
VisualStudioVersion = 16.0.30907.101
MinimumVisualStudioVersion = 10.0.40219.1
Project("{9A19103F-16F7-4668-BE54-9A1E7A4F7556}") = "NDapper", "NDapper\NDapper.csproj", "{A6D93A1E-CCBA-45E1-8474-2E26676A09DB}"
EndProject
Project("{9A19103F-16F7-4668-BE54-9A1E7A4F7556}") = "ConnectionManager", "ConnectionManager\ConnectionManager.csproj", "{DD14BAB7-689E-42E5-8425-2E60D425BACC}"
EndProject
Project("{9A19103F-16F7-4668-BE54-9A1E7A4F7556}") = "Extensions", "Extensions\Extensions.csproj", "{ADDABE8B-6076-416A-AD79-C16F388E5E0E}"
EndProject
Project("{9A19103F-16F7-4668-BE54-9A1E7A4F7556}") = "WMBLogic", "WMBLogic\WMBLogic.csproj", "{20A5B7DE-0923-4D0F-84A9-02C4DBBB66FF}"
EndProject
Project("{9A19103F-16F7-4668-BE54-9A1E7A4F7556}") = "AuthLibrary", "AuthLibrary\AuthLibrary.csproj", "{EEEA85B8-4A61-40C2-8A71-99DF0CC63148}"
EndProject
Project("{9A19103F-16F7-4668-BE54-9A1E7A4F7556}") = "WMServer", "WMServer\WMServer.csproj", "{956431F5-F73D-40FA-A329-B492D154BFF7}"
EndProject
Project("{FAE04EC0-301F-11D3-BF4B-00C04F79EFBC}") = "Mail", "Mail\Mail.csproj", "{9DCB350D-83F0-46E8-A87D-B368B064F65D}"
EndProject
Project("{FAE04EC0-301F-11D3-BF4B-00C04F79EFBC}") = "ErrorLogger", "ErrorLogger\ErrorLogger.csproj", "{D5350A4C-03F7-4F9E-AA3D-25CC732E7252}"
EndProject
Global
	GlobalSection(SolutionConfigurationPlatforms) = preSolution
		Debug|Any CPU = Debug|Any CPU
		Release|Any CPU = Release|Any CPU
	EndGlobalSection
	GlobalSection(ProjectConfigurationPlatforms) = postSolution
		{A6D93A1E-CCBA-45E1-8474-2E26676A09DB}.Debug|Any CPU.ActiveCfg = Debug|Any CPU
		{A6D93A1E-CCBA-45E1-8474-2E26676A09DB}.Debug|Any CPU.Build.0 = Debug|Any CPU
		{A6D93A1E-CCBA-45E1-8474-2E26676A09DB}.Release|Any CPU.ActiveCfg = Release|Any CPU
		{A6D93A1E-CCBA-45E1-8474-2E26676A09DB}.Release|Any CPU.Build.0 = Release|Any CPU
		{DD14BAB7-689E-42E5-8425-2E60D425BACC}.Debug|Any CPU.ActiveCfg = Debug|Any CPU
		{DD14BAB7-689E-42E5-8425-2E60D425BACC}.Debug|Any CPU.Build.0 = Debug|Any CPU
		{DD14BAB7-689E-42E5-8425-2E60D425BACC}.Release|Any CPU.ActiveCfg = Release|Any CPU
		{DD14BAB7-689E-42E5-8425-2E60D425BACC}.Release|Any CPU.Build.0 = Release|Any CPU
		{ADDABE8B-6076-416A-AD79-C16F388E5E0E}.Debug|Any CPU.ActiveCfg = Debug|Any CPU
		{ADDABE8B-6076-416A-AD79-C16F388E5E0E}.Debug|Any CPU.Build.0 = Debug|Any CPU
		{ADDABE8B-6076-416A-AD79-C16F388E5E0E}.Release|Any CPU.ActiveCfg = Release|Any CPU
		{ADDABE8B-6076-416A-AD79-C16F388E5E0E}.Release|Any CPU.Build.0 = Release|Any CPU
		{20A5B7DE-0923-4D0F-84A9-02C4DBBB66FF}.Debug|Any CPU.ActiveCfg = Debug|Any CPU
		{20A5B7DE-0923-4D0F-84A9-02C4DBBB66FF}.Debug|Any CPU.Build.0 = Debug|Any CPU
		{20A5B7DE-0923-4D0F-84A9-02C4DBBB66FF}.Release|Any CPU.ActiveCfg = Release|Any CPU
		{20A5B7DE-0923-4D0F-84A9-02C4DBBB66FF}.Release|Any CPU.Build.0 = Release|Any CPU
		{EEEA85B8-4A61-40C2-8A71-99DF0CC63148}.Debug|Any CPU.ActiveCfg = Debug|Any CPU
		{EEEA85B8-4A61-40C2-8A71-99DF0CC63148}.Debug|Any CPU.Build.0 = Debug|Any CPU
		{EEEA85B8-4A61-40C2-8A71-99DF0CC63148}.Release|Any CPU.ActiveCfg = Release|Any CPU
		{EEEA85B8-4A61-40C2-8A71-99DF0CC63148}.Release|Any CPU.Build.0 = Release|Any CPU
		{956431F5-F73D-40FA-A329-B492D154BFF7}.Debug|Any CPU.ActiveCfg = Debug|Any CPU
		{956431F5-F73D-40FA-A329-B492D154BFF7}.Debug|Any CPU.Build.0 = Debug|Any CPU
		{956431F5-F73D-40FA-A329-B492D154BFF7}.Release|Any CPU.ActiveCfg = Release|Any CPU
		{956431F5-F73D-40FA-A329-B492D154BFF7}.Release|Any CPU.Build.0 = Release|Any CPU
		{9DCB350D-83F0-46E8-A87D-B368B064F65D}.Debug|Any CPU.ActiveCfg = Debug|Any CPU
		{9DCB350D-83F0-46E8-A87D-B368B064F65D}.Debug|Any CPU.Build.0 = Debug|Any CPU
		{9DCB350D-83F0-46E8-A87D-B368B064F65D}.Release|Any CPU.ActiveCfg = Release|Any CPU
		{9DCB350D-83F0-46E8-A87D-B368B064F65D}.Release|Any CPU.Build.0 = Release|Any CPU
		{D5350A4C-03F7-4F9E-AA3D-25CC732E7252}.Debug|Any CPU.ActiveCfg = Debug|Any CPU
		{D5350A4C-03F7-4F9E-AA3D-25CC732E7252}.Debug|Any CPU.Build.0 = Debug|Any CPU
		{D5350A4C-03F7-4F9E-AA3D-25CC732E7252}.Release|Any CPU.ActiveCfg = Release|Any CPU
		{D5350A4C-03F7-4F9E-AA3D-25CC732E7252}.Release|Any CPU.Build.0 = Release|Any CPU
	EndGlobalSection
	GlobalSection(SolutionProperties) = preSolution
		HideSolutionNode = FALSE
	EndGlobalSection
	GlobalSection(ExtensibilityGlobals) = postSolution
		SolutionGuid = {462B65CA-0722-4AC8-87B0-3C0659168A74}
	EndGlobalSection
EndGlobal
